
Microsoft Visual Studio Solution File, Format Version 12.00
# Visual Studio Version 17
VisualStudioVersion = 17.9.34728.123
MinimumVisualStudioVersion = 10.0.40219.1
Project("{9A19103F-16F7-4668-BE54-9A1E7A4F7556}") = "LiveOdds", "LiveOdds\LiveOdds.csproj", "{DA90ACBE-DD00-4EC6-8246-C290C99C699C}"
EndProject
Project("{FAE04EC0-301F-11D3-BF4B-00C04F79EFBC}") = "LiveOddsTests", "LiveOddsTests\LiveOddsTests.csproj", "{686DAE7A-61C9-4664-B32B-0696122DB6C3}"
EndProject
Global
	GlobalSection(SolutionConfigurationPlatforms) = preSolution
		Debug|Any CPU = Debug|Any CPU
		Release|Any CPU = Release|Any CPU
	EndGlobalSection
	GlobalSection(ProjectConfigurationPlatforms) = postSolution
		{DA90ACBE-DD00-4EC6-8246-C290C99C699C}.Debug|Any CPU.ActiveCfg = Debug|Any CPU
		{DA90ACBE-DD00-4EC6-8246-C290C99C699C}.Debug|Any CPU.Build.0 = Debug|Any CPU
		{DA90ACBE-DD00-4EC6-8246-C290C99C699C}.Release|Any CPU.ActiveCfg = Release|Any CPU
		{DA90ACBE-DD00-4EC6-8246-C290C99C699C}.Release|Any CPU.Build.0 = Release|Any CPU
		{686DAE7A-61C9-4664-B32B-0696122DB6C3}.Debug|Any CPU.ActiveCfg = Debug|Any CPU
		{686DAE7A-61C9-4664-B32B-0696122DB6C3}.Debug|Any CPU.Build.0 = Debug|Any CPU
		{686DAE7A-61C9-4664-B32B-0696122DB6C3}.Release|Any CPU.ActiveCfg = Release|Any CPU
		{686DAE7A-61C9-4664-B32B-0696122DB6C3}.Release|Any CPU.Build.0 = Release|Any CPU
	EndGlobalSection
	GlobalSection(SolutionProperties) = preSolution
		HideSolutionNode = FALSE
	EndGlobalSection
	GlobalSection(ExtensibilityGlobals) = postSolution
		SolutionGuid = {9105D11B-1447-46AE-8346-875DFB2B57D2}
	EndGlobalSection
EndGlobal
